Microsoft Visual Studio Solution File, Format Version 12.00
# Visual Studio 2012
Project("{FAE04EC0-301F-11D3-BF4B-00C04F79EFBC}") = "catch it", "catch it.csproj", "{B7E76770-E249-41C7-AEAB-708B39DC1840}"
EndProject
Global
	GlobalSection(SolutionConfigurationPlatforms) = preSolution
	Debug|Any CPU = Debug|Any CPU
	ExportDebug|Any CPU = ExportDebug|Any CPU
	ExportRelease|Any CPU = ExportRelease|Any CPU
	EndGlobalSection
	GlobalSection(ProjectConfigurationPlatforms) = postSolution
		{B7E76770-E249-41C7-AEAB-708B39DC1840}.Debug|Any CPU.ActiveCfg = Debug|Any CPU
		{B7E76770-E249-41C7-AEAB-708B39DC1840}.Debug|Any CPU.Build.0 = Debug|Any CPU
		{B7E76770-E249-41C7-AEAB-708B39DC1840}.ExportDebug|Any CPU.ActiveCfg = ExportDebug|Any CPU
		{B7E76770-E249-41C7-AEAB-708B39DC1840}.ExportDebug|Any CPU.Build.0 = ExportDebug|Any CPU
		{B7E76770-E249-41C7-AEAB-708B39DC1840}.ExportRelease|Any CPU.ActiveCfg = ExportRelease|Any CPU
		{B7E76770-E249-41C7-AEAB-708B39DC1840}.ExportRelease|Any CPU.Build.0 = ExportRelease|Any CPU
	EndGlobalSection
EndGlobal
